// !$*UTF8*$!
{
	archiveVersion = 1;
	classes = {
	};
	objectVersion = 46;
	objects = {

/* Begin PBXBuildFile section */
		D65BF5481B8BE03C003C2C0A /* meVC.m in Sources */ = {isa = PBXBuildFile; fileRef = D65BF5471B8BE03C003C2C0A /* meVC.m */; };
		D68DA5F31B87D3AC0074FDD0 /* Bolts.framework in Frameworks */ = {isa = PBXBuildFile; fileRef = D68DA5ED1B87D3AC0074FDD0 /* Bolts.framework */; };
		D68DA5F41B87D3AC0074FDD0 /* Parse.framework in Frameworks */ = {isa = PBXBuildFile; fileRef = D68DA5EE1B87D3AC0074FDD0 /* Parse.framework */; };
		D68DA5F51B87D3AC0074FDD0 /* ParseCrashReporting.framework in Frameworks */ = {isa = PBXBuildFile; fileRef = D68DA5EF1B87D3AC0074FDD0 /* ParseCrashReporting.framework */; };
		D68DA5F61B87D3AC0074FDD0 /* ParseFacebookUtils.framework in Frameworks */ = {isa = PBXBuildFile; fileRef = D68DA5F01B87D3AC0074FDD0 /* ParseFacebookUtils.framework */; };
		D68DA5F71B87D3AC0074FDD0 /* ParseFacebookUtilsV4.framework in Frameworks */ = {isa = PBXBuildFile; fileRef = D68DA5F11B87D3AC0074FDD0 /* ParseFacebookUtilsV4.framework */; };
		D68DA5F81B87D3AC0074FDD0 /* ParseUI.framework in Frameworks */ = {isa = PBXBuildFile; fileRef = D68DA5F21B87D3AC0074FDD0 /* ParseUI.framework */; };
		D68DA5FB1B87E2420074FDD0 /* challengeVC.m in Sources */ = {isa = PBXBuildFile; fileRef = D68DA5FA1B87E2420074FDD0 /* challengeVC.m */; };
		D6D75F351B839CCB00FBABDA /* main.m in Sources */ = {isa = PBXBuildFile; fileRef = D6D75F341B839CCB00FBABDA /* main.m */; };
		D6D75F381B839CCB00FBABDA /* AppDelegate.m in Sources */ = {isa = PBXBuildFile; fileRef = D6D75F371B839CCB00FBABDA /* AppDelegate.m */; };
		D6D75F3B1B839CCB00FBABDA /* ladderVC.m in Sources */ = {isa = PBXBuildFile; fileRef = D6D75F3A1B839CCB00FBABDA /* ladderVC.m */; };
		D6D75F3E1B839CCB00FBABDA /* Main.storyboard in Resources */ = {isa = PBXBuildFile; fileRef = D6D75F3C1B839CCB00FBABDA /* Main.storyboard */; };
		D6D75F401B839CCB00FBABDA /* Images.xcassets in Resources */ = {isa = PBXBuildFile; fileRef = D6D75F3F1B839CCB00FBABDA /* Images.xcassets */; };
		D6D75F431B839CCB00FBABDA /* LaunchScreen.xib in Resources */ = {isa = PBXBuildFile; fileRef = D6D75F411B839CCB00FBABDA /* LaunchScreen.xib */; };
		D6D75F4F1B839CCB00FBABDA /* theBrexorcismTests.m in Sources */ = {isa = PBXBuildFile; fileRef = D6D75F4E1B839CCB00FBABDA /* theBrexorcismTests.m */; };
		D6D75F6B1B83A2B300FBABDA /* Bolts.framework in Frameworks */ = {isa = PBXBuildFile; fileRef = D6D75F581B83A2B300FBABDA /* Bolts.framework */; };
		D6D75F6C1B83A2B300FBABDA /* Parse.framework in Frameworks */ = {isa = PBXBuildFile; fileRef = D6D75F591B83A2B300FBABDA /* Parse.framework */; };
		D6D75F6D1B83A2B300FBABDA /* ParseCrashReporting.framework in Frameworks */ = {isa = PBXBuildFile; fileRef = D6D75F5A1B83A2B300FBABDA /* ParseCrashReporting.framework */; };
		D6D75F6E1B83A2B300FBABDA /* ParseFacebookUtils.framework in Frameworks */ = {isa = PBXBuildFile; fileRef = D6D75F5B1B83A2B300FBABDA /* ParseFacebookUtils.framework */; };
		D6D75F6F1B83A2B300FBABDA /* ParseFacebookUtilsV4.framework in Frameworks */ = {isa = PBXBuildFile; fileRef = D6D75F5C1B83A2B300FBABDA /* ParseFacebookUtilsV4.framework */; };
		D6D75F701B83A2B300FBABDA /* ParseUI.framework in Frameworks */ = {isa = PBXBuildFile; fileRef = D6D75F5D1B83A2B300FBABDA /* ParseUI.framework */; };
		D6D75F711B83A2B300FBABDA /* AudioToolbox.framework in Frameworks */ = {isa = PBXBuildFile; fileRef = D6D75F5E1B83A2B300FBABDA /* AudioToolbox.framework */; };
		D6D75F721B83A2B300FBABDA /* CFNetwork.framework in Frameworks */ = {isa = PBXBuildFile; fileRef = D6D75F5F1B83A2B300FBABDA /* CFNetwork.framework */; };
		D6D75F731B83A2B300FBABDA /* CoreGraphics.framework in Frameworks */ = {isa = PBXBuildFile; fileRef = D6D75F601B83A2B300FBABDA /* CoreGraphics.framework */; };
		D6D75F741B83A2B300FBABDA /* CoreLocation.framework in Frameworks */ = {isa = PBXBuildFile; fileRef = D6D75F611B83A2B300FBABDA /* CoreLocation.framework */; };
		D6D75F751B83A2B300FBABDA /* CoreText.framework in Frameworks */ = {isa = PBXBuildFile; fileRef = D6D75F621B83A2B300FBABDA /* CoreText.framework */; };
		D6D75F761B83A2B300FBABDA /* Foundation.framework in Frameworks */ = {isa = PBXBuildFile; fileRef = D6D75F631B83A2B300FBABDA /* Foundation.framework */; };
		D6D75F771B83A2B300FBABDA /* libsqlite3.dylib in Frameworks */ = {isa = PBXBuildFile; fileRef = D6D75F641B83A2B300FBABDA /* libsqlite3.dylib */; };
		D6D75F781B83A2B300FBABDA /* libz.1.1.3.dylib in Frameworks */ = {isa = PBXBuildFile; fileRef = D6D75F651B83A2B300FBABDA /* libz.1.1.3.dylib */; };
		D6D75F791B83A2B300FBABDA /* MobileCoreServices.framework in Frameworks */ = {isa = PBXBuildFile; fileRef = D6D75F661B83A2B300FBABDA /* MobileCoreServices.framework */; };
		D6D75F7A1B83A2B300FBABDA /* QuartzCore.framework in Frameworks */ = {isa = PBXBuildFile; fileRef = D6D75F671B83A2B300FBABDA /* QuartzCore.framework */; };
		D6D75F7B1B83A2B300FBABDA /* Security.framework in Frameworks */ = {isa = PBXBuildFile; fileRef = D6D75F681B83A2B300FBABDA /* Security.framework */; };
		D6D75F7C1B83A2B300FBABDA /* SystemConfiguration.framework in Frameworks */ = {isa = PBXBuildFile; fileRef = D6D75F691B83A2B300FBABDA /* SystemConfiguration.framework */; };
		D6D75F7D1B83A2B300FBABDA /* UIKit.framework in Frameworks */ = {isa = PBXBuildFile; fileRef = D6D75F6A1B83A2B300FBABDA /* UIKit.framework */; };
		D6D75F801B83B55700FBABDA /* LoginVC.m in Sources */ = {isa = PBXBuildFile; fileRef = D6D75F7F1B83B55700FBABDA /* LoginVC.m */; };
		D6D75F891B83B97500FBABDA /* SignUpVC.m in Sources */ = {isa = PBXBuildFile; fileRef = D6D75F881B83B97500FBABDA /* SignUpVC.m */; };
		D6D75F8C1B8798F100FBABDA /* ladderCell.m in Sources */ = {isa = PBXBuildFile; fileRef = D6D75F8B1B8798F100FBABDA /* ladderCell.m */; };
/* End PBXBuildFile section */

/* Begin PBXContainerItemProxy section */
		D6D75F491B839CCB00FBABDA /* PBXContainerItemProxy */ = {
			isa = PBXContainerItemProxy;
			containerPortal = D6D75F271B839CCB00FBABDA /* Project object */;
			proxyType = 1;
			remoteGlobalIDString = D6D75F2E1B839CCB00FBABDA;
			remoteInfo = theBrexorcism;
		};
/* End PBXContainerItemProxy section */

/* Begin PBXFileReference section */
		D65BF5461B8BE03C003C2C0A /* meVC.h */ = {isa = PBXFileReference; fileEncoding = 4; lastKnownFileType = sourcecode.c.h; path = meVC.h; sourceTree = "<group>"; };
		D65BF5471B8BE03C003C2C0A /* meVC.m */ = {isa = PBXFileReference; fileEncoding = 4; lastKnownFileType = sourcecode.c.objc; path = meVC.m; sourceTree = "<group>"; };
		D68DA5ED1B87D3AC0074FDD0 /* Bolts.framework */ = {isa = PBXFileReference; lastKnownFileType = wrapper.framework; path = Bolts.framework; sourceTree = "<group>"; };
		D68DA5EE1B87D3AC0074FDD0 /* Parse.framework */ = {isa = PBXFileReference; lastKnownFileType = wrapper.framework; path = Parse.framework; sourceTree = "<group>"; };
		D68DA5EF1B87D3AC0074FDD0 /* ParseCrashReporting.framework */ = {isa = PBXFileReference; lastKnownFileType = wrapper.framework; path = ParseCrashReporting.framework; sourceTree = "<group>"; };
		D68DA5F01B87D3AC0074FDD0 /* ParseFacebookUtils.framework */ = {isa = PBXFileReference; lastKnownFileType = wrapper.framework; path = ParseFacebookUtils.framework; sourceTree = "<group>"; };
		D68DA5F11B87D3AC0074FDD0 /* ParseFacebookUtilsV4.framework */ = {isa = PBXFileReference; lastKnownFileType = wrapper.framework; path = ParseFacebookUtilsV4.framework; sourceTree = "<group>"; };
		D68DA5F21B87D3AC0074FDD0 /* ParseUI.framework */ = {isa = PBXFileReference; lastKnownFileType = wrapper.framework; path = ParseUI.framework; sourceTree = "<group>"; };
		D68DA5F91B87E2420074FDD0 /* challengeVC.h */ = {isa = PBXFileReference; fileEncoding = 4; lastKnownFileType = sourcecode.c.h; path = challengeVC.h; sourceTree = "<group>"; };
		D68DA5FA1B87E2420074FDD0 /* challengeVC.m */ = {isa = PBXFileReference; fileEncoding = 4; lastKnownFileType = sourcecode.c.objc; path = challengeVC.m; sourceTree = "<group>"; };
		D6D75F2F1B839CCB00FBABDA /* theBrexorcism.app */ = {isa = PBXFileReference; explicitFileType = wrapper.application; includeInIndex = 0; path = theBrexorcism.app; sourceTree = BUILT_PRODUCTS_DIR; };
		D6D75F331B839CCB00FBABDA /* Info.plist */ = {isa = PBXFileReference; lastKnownFileType = text.plist.xml; path = Info.plist; sourceTree = "<group>"; };
		D6D75F341B839CCB00FBABDA /* main.m */ = {isa = PBXFileReference; lastKnownFileType = sourcecode.c.objc; path = main.m; sourceTree = "<group>"; };
		D6D75F361B839CCB00FBABDA /* AppDelegate.h */ = {isa = PBXFileReference; lastKnownFileType = sourcecode.c.h; path = AppDelegate.h; sourceTree = "<group>"; };
		D6D75F371B839CCB00FBABDA /* AppDelegate.m */ = {isa = PBXFileReference; lastKnownFileType = sourcecode.c.objc; path = AppDelegate.m; sourceTree = "<group>"; };
		D6D75F391B839CCB00FBABDA /* ladderVC.h */ = {isa = PBXFileReference; lastKnownFileType = sourcecode.c.h; path = ladderVC.h; sourceTree = "<group>"; };
		D6D75F3A1B839CCB00FBABDA /* ladderVC.m */ = {isa = PBXFileReference; lastKnownFileType = sourcecode.c.objc; path = ladderVC.m; sourceTree = "<group>"; };
		D6D75F3D1B839CCB00FBABDA /* Base */ = {isa = PBXFileReference; lastKnownFileType = file.storyboard; name = Base; path = Base.lproj/Main.storyboard; sourceTree = "<group>"; };
		D6D75F3F1B839CCB00FBABDA /* Images.xcassets */ = {isa = PBXFileReference; lastKnownFileType = folder.assetcatalog; path = Images.xcassets; sourceTree = "<group>"; };
		D6D75F421B839CCB00FBABDA /* Base */ = {isa = PBXFileReference; lastKnownFileType = file.xib; name = Base; path = Base.lproj/LaunchScreen.xib; sourceTree = "<group>"; };
		D6D75F481B839CCB00FBABDA /* theBrexorcismTests.xctest */ = {isa = PBXFileReference; explicitFileType = wrapper.cfbundle; includeInIndex = 0; path = theBrexorcismTests.xctest; sourceTree = BUILT_PRODUCTS_DIR; };
		D6D75F4D1B839CCB00FBABDA /* Info.plist */ = {isa = PBXFileReference; lastKnownFileType = text.plist.xml; path = Info.plist; sourceTree = "<group>"; };
		D6D75F4E1B839CCB00FBABDA /* theBrexorcismTests.m */ = {isa = PBXFileReference; lastKnownFileType = sourcecode.c.objc; path = theBrexorcismTests.m; sourceTree = "<group>"; };
		D6D75F581B83A2B300FBABDA /* Bolts.framework */ = {isa = PBXFileReference; lastKnownFileType = wrapper.framework; name = Bolts.framework; path = "../iOS-PingingWithNewCompose/Pinging/Bolts.framework"; sourceTree = "<group>"; };
		D6D75F591B83A2B300FBABDA /* Parse.framework */ = {isa = PBXFileReference; lastKnownFileType = wrapper.framework; name = Parse.framework; path = "../iOS-PingingWithNewCompose/Pinging/Parse.framework"; sourceTree = "<group>"; };
		D6D75F5A1B83A2B300FBABDA /* ParseCrashReporting.framework */ = {isa = PBXFileReference; lastKnownFileType = wrapper.framework; name = ParseCrashReporting.framework; path = "../iOS-PingingWithNewCompose/Pinging/ParseCrashReporting.framework"; sourceTree = "<group>"; };
		D6D75F5B1B83A2B300FBABDA /* ParseFacebookUtils.framework */ = {isa = PBXFileReference; lastKnownFileType = wrapper.framework; name = ParseFacebookUtils.framework; path = "../iOS-PingingWithNewCompose/Pinging/ParseFacebookUtils.framework"; sourceTree = "<group>"; };
		D6D75F5C1B83A2B300FBABDA /* ParseFacebookUtilsV4.framework */ = {isa = PBXFileReference; lastKnownFileType = wrapper.framework; name = ParseFacebookUtilsV4.framework; path = "../iOS-PingingWithNewCompose/Pinging/ParseFacebookUtilsV4.framework"; sourceTree = "<group>"; };
		D6D75F5D1B83A2B300FBABDA /* ParseUI.framework */ = {isa = PBXFileReference; lastKnownFileType = wrapper.framework; name = ParseUI.framework; path = "../iOS-PingingWithNewCompose/Pinging/ParseUI.framework"; sourceTree = "<group>"; };
		D6D75F5E1B83A2B300FBABDA /* AudioToolbox.framework */ = {isa = PBXFileReference; lastKnownFileType = wrapper.framework; name = AudioToolbox.framework; path = System/Library/Frameworks/AudioToolbox.framework; sourceTree = SDKROOT; };
		D6D75F5F1B83A2B300FBABDA /* CFNetwork.framework */ = {isa = PBXFileReference; lastKnownFileType = wrapper.framework; name = CFNetwork.framework; path = System/Library/Frameworks/CFNetwork.framework; sourceTree = SDKROOT; };
		D6D75F601B83A2B300FBABDA /* CoreGraphics.framework */ = {isa = PBXFileReference; lastKnownFileType = wrapper.framework; name = CoreGraphics.framework; path = System/Library/Frameworks/CoreGraphics.framework; sourceTree = SDKROOT; };
		D6D75F611B83A2B300FBABDA /* CoreLocation.framework */ = {isa = PBXFileReference; lastKnownFileType = wrapper.framework; name = CoreLocation.framework; path = System/Library/Frameworks/CoreLocation.framework; sourceTree = SDKROOT; };
		D6D75F621B83A2B300FBABDA /* CoreText.framework */ = {isa = PBXFileReference; lastKnownFileType = wrapper.framework; name = CoreText.framework; path = System/Library/Frameworks/CoreText.framework; sourceTree = SDKROOT; };
		D6D75F631B83A2B300FBABDA /* Foundation.framework */ = {isa = PBXFileReference; lastKnownFileType = wrapper.framework; name = Foundation.framework; path = System/Library/Frameworks/Foundation.framework; sourceTree = SDKROOT; };
		D6D75F641B83A2B300FBABDA /* libsqlite3.dylib */ = {isa = PBXFileReference; lastKnownFileType = "compiled.mach-o.dylib"; name = libsqlite3.dylib; path = usr/lib/libsqlite3.dylib; sourceTree = SDKROOT; };
		D6D75F651B83A2B300FBABDA /* libz.1.1.3.dylib */ = {isa = PBXFileReference; lastKnownFileType = "compiled.mach-o.dylib"; name = libz.1.1.3.dylib; path = usr/lib/libz.1.1.3.dylib; sourceTree = SDKROOT; };
		D6D75F661B83A2B300FBABDA /* MobileCoreServices.framework */ = {isa = PBXFileReference; lastKnownFileType = wrapper.framework; name = MobileCoreServices.framework; path = System/Library/Frameworks/MobileCoreServices.framework; sourceTree = SDKROOT; };
		D6D75F671B83A2B300FBABDA /* QuartzCore.framework */ = {isa = PBXFileReference; lastKnownFileType = wrapper.framework; name = QuartzCore.framework; path = System/Library/Frameworks/QuartzCore.framework; sourceTree = SDKROOT; };
		D6D75F681B83A2B300FBABDA /* Security.framework */ = {isa = PBXFileReference; lastKnownFileType = wrapper.framework; name = Security.framework; path = System/Library/Frameworks/Security.framework; sourceTree = SDKROOT; };
		D6D75F691B83A2B300FBABDA /* SystemConfiguration.framework */ = {isa = PBXFileReference; lastKnownFileType = wrapper.framework; name = SystemConfiguration.framework; path = System/Library/Frameworks/SystemConfiguration.framework; sourceTree = SDKROOT; };
		D6D75F6A1B83A2B300FBABDA /* UIKit.framework */ = {isa = PBXFileReference; lastKnownFileType = wrapper.framework; name = UIKit.framework; path = System/Library/Frameworks/UIKit.framework; sourceTree = SDKROOT; };
		D6D75F7E1B83B55700FBABDA /* LoginVC.h */ = {isa = PBXFileReference; fileEncoding = 4; lastKnownFileType = sourcecode.c.h; path = LoginVC.h; sourceTree = "<group>"; };
		D6D75F7F1B83B55700FBABDA /* LoginVC.m */ = {isa = PBXFileReference; fileEncoding = 4; lastKnownFileType = sourcecode.c.objc; path = LoginVC.m; sourceTree = "<group>"; };
		D6D75F871B83B97500FBABDA /* SignUpVC.h */ = {isa = PBXFileReference; fileEncoding = 4; lastKnownFileType = sourcecode.c.h; path = SignUpVC.h; sourceTree = "<group>"; };
		D6D75F881B83B97500FBABDA /* SignUpVC.m */ = {isa = PBXFileReference; fileEncoding = 4; lastKnownFileType = sourcecode.c.objc; path = SignUpVC.m; sourceTree = "<group>"; };
		D6D75F8A1B8798F100FBABDA /* ladderCell.h */ = {isa = PBXFileReference; fileEncoding = 4; lastKnownFileType = sourcecode.c.h; path = ladderCell.h; sourceTree = "<group>"; };
		D6D75F8B1B8798F100FBABDA /* ladderCell.m */ = {isa = PBXFileReference; fileEncoding = 4; lastKnownFileType = sourcecode.c.objc; path = ladderCell.m; sourceTree = "<group>"; };
/* End PBXFileReference section */

/* Begin PBXFrameworksBuildPhase section */
		D6D75F2C1B839CCB00FBABDA /* Frameworks */ = {
			isa = PBXFrameworksBuildPhase;
			buildActionMask = 2147483647;
			files = (
				D68DA5F61B87D3AC0074FDD0 /* ParseFacebookUtils.framework in Frameworks */,
				D6D75F6B1B83A2B300FBABDA /* Bolts.framework in Frameworks */,
				D68DA5F81B87D3AC0074FDD0 /* ParseUI.framework in Frameworks */,
				D68DA5F71B87D3AC0074FDD0 /* ParseFacebookUtilsV4.framework in Frameworks */,
				D6D75F6C1B83A2B300FBABDA /* Parse.framework in Frameworks */,
				D6D75F6D1B83A2B300FBABDA /* ParseCrashReporting.framework in Frameworks */,
				D6D75F6E1B83A2B300FBABDA /* ParseFacebookUtils.framework in Frameworks */,
				D6D75F6F1B83A2B300FBABDA /* ParseFacebookUtilsV4.framework in Frameworks */,
				D6D75F701B83A2B300FBABDA /* ParseUI.framework in Frameworks */,
				D6D75F711B83A2B300FBABDA /* AudioToolbox.framework in Frameworks */,
				D6D75F721B83A2B300FBABDA /* CFNetwork.framework in Frameworks */,
				D6D75F731B83A2B300FBABDA /* CoreGraphics.framework in Frameworks */,
				D68DA5F51B87D3AC0074FDD0 /* ParseCrashReporting.framework in Frameworks */,
				D6D75F741B83A2B300FBABDA /* CoreLocation.framework in Frameworks */,
				D68DA5F41B87D3AC0074FDD0 /* Parse.framework in Frameworks */,
				D6D75F751B83A2B300FBABDA /* CoreText.framework in Frameworks */,
				D6D75F761B83A2B300FBABDA /* Foundation.framework in Frameworks */,
				D6D75F771B83A2B300FBABDA /* libsqlite3.dylib in Frameworks */,
				D6D75F781B83A2B300FBABDA /* libz.1.1.3.dylib in Frameworks */,
				D6D75F791B83A2B300FBABDA /* MobileCoreServices.framework in Frameworks */,
				D68DA5F31B87D3AC0074FDD0 /* Bolts.framework in Frameworks */,
				D6D75F7A1B83A2B300FBABDA /* QuartzCore.framework in Frameworks */,
				D6D75F7B1B83A2B300FBABDA /* Security.framework in Frameworks */,
				D6D75F7C1B83A2B300FBABDA /* SystemConfiguration.framework in Frameworks */,
				D6D75F7D1B83A2B300FBABDA /* UIKit.framework in Frameworks */,
			);
			runOnlyForDeploymentPostprocessing = 0;
		};
		D6D75F451B839CCB00FBABDA /* Frameworks */ = {
			isa = PBXFrameworksBuildPhase;
			buildActionMask = 2147483647;
			files = (
			);
			runOnlyForDeploymentPostprocessing = 0;
		};
/* End PBXFrameworksBuildPhase section */

/* Begin PBXGroup section */
		D6D75F261B839CCB00FBABDA = {
			isa = PBXGroup;
			children = (
				D68DA5ED1B87D3AC0074FDD0 /* Bolts.framework */,
				D68DA5EE1B87D3AC0074FDD0 /* Parse.framework */,
				D68DA5EF1B87D3AC0074FDD0 /* ParseCrashReporting.framework */,
				D68DA5F01B87D3AC0074FDD0 /* ParseFacebookUtils.framework */,
				D68DA5F11B87D3AC0074FDD0 /* ParseFacebookUtilsV4.framework */,
				D68DA5F21B87D3AC0074FDD0 /* ParseUI.framework */,
				D6D75F581B83A2B300FBABDA /* Bolts.framework */,
				D6D75F591B83A2B300FBABDA /* Parse.framework */,
				D6D75F5A1B83A2B300FBABDA /* ParseCrashReporting.framework */,
				D6D75F5B1B83A2B300FBABDA /* ParseFacebookUtils.framework */,
				D6D75F5C1B83A2B300FBABDA /* ParseFacebookUtilsV4.framework */,
				D6D75F5D1B83A2B300FBABDA /* ParseUI.framework */,
				D6D75F5E1B83A2B300FBABDA /* AudioToolbox.framework */,
				D6D75F5F1B83A2B300FBABDA /* CFNetwork.framework */,
				D6D75F601B83A2B300FBABDA /* CoreGraphics.framework */,
				D6D75F611B83A2B300FBABDA /* CoreLocation.framework */,
				D6D75F621B83A2B300FBABDA /* CoreText.framework */,
				D6D75F631B83A2B300FBABDA /* Foundation.framework */,
				D6D75F641B83A2B300FBABDA /* libsqlite3.dylib */,
				D6D75F651B83A2B300FBABDA /* libz.1.1.3.dylib */,
				D6D75F661B83A2B300FBABDA /* MobileCoreServices.framework */,
				D6D75F671B83A2B300FBABDA /* QuartzCore.framework */,
				D6D75F681B83A2B300FBABDA /* Security.framework */,
				D6D75F691B83A2B300FBABDA /* SystemConfiguration.framework */,
				D6D75F6A1B83A2B300FBABDA /* UIKit.framework */,
				D6D75F311B839CCB00FBABDA /* theBrexorcism */,
				D6D75F4B1B839CCB00FBABDA /* theBrexorcismTests */,
				D6D75F301B839CCB00FBABDA /* Products */,
			);
			sourceTree = "<group>";
		};
		D6D75F301B839CCB00FBABDA /* Products */ = {
			isa = PBXGroup;
			children = (
				D6D75F2F1B839CCB00FBABDA /* theBrexorcism.app */,
				D6D75F481B839CCB00FBABDA /* theBrexorcismTests.xctest */,
			);
			name = Products;
			sourceTree = "<group>";
		};
		D6D75F311B839CCB00FBABDA /* theBrexorcism */ = {
			isa = PBXGroup;
			children = (
				D6D75F361B839CCB00FBABDA /* AppDelegate.h */,
				D6D75F371B839CCB00FBABDA /* AppDelegate.m */,
				D6D75F391B839CCB00FBABDA /* ladderVC.h */,
				D6D75F3A1B839CCB00FBABDA /* ladderVC.m */,
				D6D75F3C1B839CCB00FBABDA /* Main.storyboard */,
				D65BF5461B8BE03C003C2C0A /* meVC.h */,
				D65BF5471B8BE03C003C2C0A /* meVC.m */,
				D68DA5F91B87E2420074FDD0 /* challengeVC.h */,
				D68DA5FA1B87E2420074FDD0 /* challengeVC.m */,
				D6D75F8A1B8798F100FBABDA /* ladderCell.h */,
				D6D75F8B1B8798F100FBABDA /* ladderCell.m */,
				D6D75F871B83B97500FBABDA /* SignUpVC.h */,
				D6D75F881B83B97500FBABDA /* SignUpVC.m */,
				D6D75F7E1B83B55700FBABDA /* LoginVC.h */,
				D6D75F7F1B83B55700FBABDA /* LoginVC.m */,
				D6D75F3F1B839CCB00FBABDA /* Images.xcassets */,
				D6D75F411B839CCB00FBABDA /* LaunchScreen.xib */,
				D6D75F321B839CCB00FBABDA /* Supporting Files */,
			);
			path = theBrexorcism;
			sourceTree = "<group>";
		};
		D6D75F321B839CCB00FBABDA /* Supporting Files */ = {
			isa = PBXGroup;
			children = (
				D6D75F331B839CCB00FBABDA /* Info.plist */,
				D6D75F341B839CCB00FBABDA /* main.m */,
			);
			name = "Supporting Files";
			sourceTree = "<group>";
		};
		D6D75F4B1B839CCB00FBABDA /* theBrexorcismTests */ = {
			isa = PBXGroup;
			children = (
				D6D75F4E1B839CCB00FBABDA /* theBrexorcismTests.m */,
				D6D75F4C1B839CCB00FBABDA /* Supporting Files */,
			);
			path = theBrexorcismTests;
			sourceTree = "<group>";
		};
		D6D75F4C1B839CCB00FBABDA /* Supporting Files */ = {
			isa = PBXGroup;
			children = (
				D6D75F4D1B839CCB00FBABDA /* Info.plist */,
			);
			name = "Supporting Files";
			sourceTree = "<group>";
		};
/* End PBXGroup section */

/* Begin PBXNativeTarget section */
		D6D75F2E1B839CCB00FBABDA /* theBrexorcism */ = {
			isa = PBXNativeTarget;
			buildConfigurationList = D6D75F521B839CCB00FBABDA /* Build configuration list for PBXNativeTarget "theBrexorcism" */;
			buildPhases = (
				D6D75F2B1B839CCB00FBABDA /* Sources */,
				D6D75F2C1B839CCB00FBABDA /* Frameworks */,
				D6D75F2D1B839CCB00FBABDA /* Resources */,
			);
			buildRules = (
			);
			dependencies = (
			);
			name = theBrexorcism;
			productName = theBrexorcism;
			productReference = D6D75F2F1B839CCB00FBABDA /* theBrexorcism.app */;
			productType = "com.apple.product-type.application";
		};
		D6D75F471B839CCB00FBABDA /* theBrexorcismTests */ = {
			isa = PBXNativeTarget;
			buildConfigurationList = D6D75F551B839CCB00FBABDA /* Build configuration list for PBXNativeTarget "theBrexorcismTests" */;
			buildPhases = (
				D6D75F441B839CCB00FBABDA /* Sources */,
				D6D75F451B839CCB00FBABDA /* Frameworks */,
				D6D75F461B839CCB00FBABDA /* Resources */,
			);
			buildRules = (
			);
			dependencies = (
				D6D75F4A1B839CCB00FBABDA /* PBXTargetDependency */,
			);
			name = theBrexorcismTests;
			productName = theBrexorcismTests;
			productReference = D6D75F481B839CCB00FBABDA /* theBrexorcismTests.xctest */;
			productType = "com.apple.product-type.bundle.unit-test";
		};
/* End PBXNativeTarget section */

/* Begin PBXProject section */
		D6D75F271B839CCB00FBABDA /* Project object */ = {
			isa = PBXProject;
			attributes = {
				LastUpgradeCheck = 0640;
				ORGANIZATIONNAME = "Brexton Pham";
				TargetAttributes = {
					D6D75F2E1B839CCB00FBABDA = {
						CreatedOnToolsVersion = 6.4;
					};
					D6D75F471B839CCB00FBABDA = {
						CreatedOnToolsVersion = 6.4;
						TestTargetID = D6D75F2E1B839CCB00FBABDA;
					};
				};
			};
			buildConfigurationList = D6D75F2A1B839CCB00FBABDA /* Build configuration list for PBXProject "theBrexorcism" */;
			compatibilityVersion = "Xcode 3.2";
			developmentRegion = English;
			hasScannedForEncodings = 0;
			knownRegions = (
				en,
				Base,
			);
			mainGroup = D6D75F261B839CCB00FBABDA;
			productRefGroup = D6D75F301B839CCB00FBABDA /* Products */;
			projectDirPath = "";
			projectRoot = "";
			targets = (
				D6D75F2E1B839CCB00FBABDA /* theBrexorcism */,
				D6D75F471B839CCB00FBABDA /* theBrexorcismTests */,
			);
		};
/* End PBXProject section */

/* Begin PBXResourcesBuildPhase section */
		D6D75F2D1B839CCB00FBABDA /* Resources */ = {
			isa = PBXResourcesBuildPhase;
			buildActionMask = 2147483647;
			files = (
				D6D75F3E1B839CCB00FBABDA /* Main.storyboard in Resources */,
				D6D75F431B839CCB00FBABDA /* LaunchScreen.xib in Resources */,
				D6D75F401B839CCB00FBABDA /* Images.xcassets in Resources */,
			);
			runOnlyForDeploymentPostprocessing = 0;
		};
		D6D75F461B839CCB00FBABDA /* Resources */ = {
			isa = PBXResourcesBuildPhase;
			buildActionMask = 2147483647;
			files = (
			);
			runOnlyForDeploymentPostprocessing = 0;
		};
/* End PBXResourcesBuildPhase section */

/* Begin PBXSourcesBuildPhase section */
		D6D75F2B1B839CCB00FBABDA /* Sources */ = {
			isa = PBXSourcesBuildPhase;
			buildActionMask = 2147483647;
			files = (
				D6D75F3B1B839CCB00FBABDA /* ladderVC.m in Sources */,
				D6D75F381B839CCB00FBABDA /* AppDelegate.m in Sources */,
				D68DA5FB1B87E2420074FDD0 /* challengeVC.m in Sources */,
				D6D75F891B83B97500FBABDA /* SignUpVC.m in Sources */,
				D65BF5481B8BE03C003C2C0A /* meVC.m in Sources */,
				D6D75F801B83B55700FBABDA /* LoginVC.m in Sources */,
				D6D75F351B839CCB00FBABDA /* main.m in Sources */,
				D6D75F8C1B8798F100FBABDA /* ladderCell.m in Sources */,
			);
			runOnlyForDeploymentPostprocessing = 0;
		};
		D6D75F441B839CCB00FBABDA /* Sources */ = {
			isa = PBXSourcesBuildPhase;
			buildActionMask = 2147483647;
			files = (
				D6D75F4F1B839CCB00FBABDA /* theBrexorcismTests.m in Sources */,
			);
			runOnlyForDeploymentPostprocessing = 0;
		};
/* End PBXSourcesBuildPhase section */

/* Begin PBXTargetDependency section */
		D6D75F4A1B839CCB00FBABDA /* PBXTargetDependency */ = {
			isa = PBXTargetDependency;
			target = D6D75F2E1B839CCB00FBABDA /* theBrexorcism */;
			targetProxy = D6D75F491B839CCB00FBABDA /* PBXContainerItemProxy */;
		};
/* End PBXTargetDependency section */

/* Begin PBXVariantGroup section */
		D6D75F3C1B839CCB00FBABDA /* Main.storyboard */ = {
			isa = PBXVariantGroup;
			children = (
				D6D75F3D1B839CCB00FBABDA /* Base */,
			);
			name = Main.storyboard;
			sourceTree = "<group>";
		};
		D6D75F411B839CCB00FBABDA /* LaunchScreen.xib */ = {
			isa = PBXVariantGroup;
			children = (
				D6D75F421B839CCB00FBABDA /* Base */,
			);
			name = LaunchScreen.xib;
			sourceTree = "<group>";
		};
/* End PBXVariantGroup section */

/* Begin XCBuildConfiguration section */
		D6D75F501B839CCB00FBABDA /* Debug */ = {
			isa = XCBuildConfiguration;
			buildSettings = {
				ALWAYS_SEARCH_USER_PATHS = NO;
				CLANG_CXX_LANGUAGE_STANDARD = "gnu++0x";
				CLANG_CXX_LIBRARY = "libc++";
				CLANG_ENABLE_MODULES = YES;
				CLANG_ENABLE_OBJC_ARC = YES;
				CLANG_WARN_BOOL_CONVERSION = YES;
				CLANG_WARN_CONSTANT_CONVERSION = YES;
				CLANG_WARN_DIRECT_OBJC_ISA_USAGE = YES_ERROR;
				CLANG_WARN_EMPTY_BODY = YES;
				CLANG_WARN_ENUM_CONVERSION = YES;
				CLANG_WARN_INT_CONVERSION = YES;
				CLANG_WARN_OBJC_ROOT_CLASS = YES_ERROR;
				CLANG_WARN_UNREACHABLE_CODE = YES;
				CLANG_WARN__DUPLICATE_METHOD_MATCH = YES;
				"CODE_SIGN_IDENTITY[sdk=iphoneos*]" = "iPhone Developer";
				COPY_PHASE_STRIP = NO;
				DEBUG_INFORMATION_FORMAT = "dwarf-with-dsym";
				ENABLE_STRICT_OBJC_MSGSEND = YES;
				GCC_C_LANGUAGE_STANDARD = gnu99;
				GCC_DYNAMIC_NO_PIC = NO;
				GCC_NO_COMMON_BLOCKS = YES;
				GCC_OPTIMIZATION_LEVEL = 0;
				GCC_PREPROCESSOR_DEFINITIONS = (
					"DEBUG=1",
					"$(inherited)",
				);
				GCC_SYMBOLS_PRIVATE_EXTERN = NO;
				GCC_WARN_64_TO_32_BIT_CONVERSION = YES;
				GCC_WARN_ABOUT_RETURN_TYPE = YES_ERROR;
				GCC_WARN_UNDECLARED_SELECTOR = YES;
				GCC_WARN_UNINITIALIZED_AUTOS = YES_AGGRESSIVE;
				GCC_WARN_UNUSED_FUNCTION = YES;
				GCC_WARN_UNUSED_VARIABLE = YES;
				IPHONEOS_DEPLOYMENT_TARGET = 8.4;
				MTL_ENABLE_DEBUG_INFO = YES;
				ONLY_ACTIVE_ARCH = YES;
				SDKROOT = iphoneos;
			};
			name = Debug;
		};
		D6D75F511B839CCB00FBABDA /* Release */ = {
			isa = XCBuildConfiguration;
			buildSettings = {
				ALWAYS_SEARCH_USER_PATHS = NO;
				CLANG_CXX_LANGUAGE_STANDARD = "gnu++0x";
				CLANG_CXX_LIBRARY = "libc++";
				CLANG_ENABLE_MODULES = YES;
				CLANG_ENABLE_OBJC_ARC = YES;
				CLANG_WARN_BOOL_CONVERSION = YES;
				CLANG_WARN_CONSTANT_CONVERSION = YES;
				CLANG_WARN_DIRECT_OBJC_ISA_USAGE = YES_ERROR;
				CLANG_WARN_EMPTY_BODY = YES;
				CLANG_WARN_ENUM_CONVERSION = YES;
				CLANG_WARN_INT_CONVERSION = YES;
				CLANG_WARN_OBJC_ROOT_CLASS = YES_ERROR;
				CLANG_WARN_UNREACHABLE_CODE = YES;
				CLANG_WARN__DUPLICATE_METHOD_MATCH = YES;
				"CODE_SIGN_IDENTITY[sdk=iphoneos*]" = "iPhone Developer";
				COPY_PHASE_STRIP = NO;
				DEBUG_INFORMATION_FORMAT = "dwarf-with-dsym";
				ENABLE_NS_ASSERTIONS = NO;
				ENABLE_STRICT_OBJC_MSGSEND = YES;
				GCC_C_LANGUAGE_STANDARD = gnu99;
				GCC_NO_COMMON_BLOCKS = YES;
				GCC_WARN_64_TO_32_BIT_CONVERSION = YES;
				GCC_WARN_ABOUT_RETURN_TYPE = YES_ERROR;
				GCC_WARN_UNDECLARED_SELECTOR = YES;
				GCC_WARN_UNINITIALIZED_AUTOS = YES_AGGRESSIVE;
				GCC_WARN_UNUSED_FUNCTION = YES;
				GCC_WARN_UNUSED_VARIABLE = YES;
				IPHONEOS_DEPLOYMENT_TARGET = 8.4;
				MTL_ENABLE_DEBUG_INFO = NO;
				SDKROOT = iphoneos;
				VALIDATE_PRODUCT = YES;
			};
			name = Release;
		};
		D6D75F531B839CCB00FBABDA /* Debug */ = {
			isa = XCBuildConfiguration;
			buildSettings = {
				ASSETCATALOG_COMPILER_APPICON_NAME = AppIcon;
				FRAMEWORK_SEARCH_PATHS = (
					"$(inherited)",
					"/Users/brexton/Documents/Developer/Objective-C/Yik",
					"Yak/iOS-PingingWithNewCompose/Pinging",
					"$(PROJECT_DIR)",
				);
				INFOPLIST_FILE = theBrexorcism/Info.plist;
				LD_RUNPATH_SEARCH_PATHS = "$(inherited) @executable_path/Frameworks";
				PRODUCT_NAME = "$(TARGET_NAME)";
			};
			name = Debug;
		};
		D6D75F541B839CCB00FBABDA /* Release */ = {
			isa = XCBuildConfiguration;
			buildSettings = {
				ASSETCATALOG_COMPILER_APPICON_NAME = AppIcon;
				FRAMEWORK_SEARCH_PATHS = (
					"$(inherited)",
					"/Users/brexton/Documents/Developer/Objective-C/Yik",
					"Yak/iOS-PingingWithNewCompose/Pinging",
					"$(PROJECT_DIR)",
				);
				INFOPLIST_FILE = theBrexorcism/Info.plist;
				LD_RUNPATH_SEARCH_PATHS = "$(inherited) @executable_path/Frameworks";
				PRODUCT_NAME = "$(TARGET_NAME)";
			};
			name = Release;
		};
		D6D75F561B839CCB00FBABDA /* Debug */ = {
			isa = XCBuildConfiguration;
			buildSettings = {
				BUNDLE_LOADER = "$(TEST_HOST)";
				FRAMEWORK_SEARCH_PATHS = (
					"$(SDKROOT)/Developer/Library/Frameworks",
					"$(inherited)",
				);
				GCC_PREPROCESSOR_DEFINITIONS = (
					"DEBUG=1",
					"$(inherited)",
				);
				INFOPLIST_FILE = theBrexorcismTests/Info.plist;
				LD_RUNPATH_SEARCH_PATHS = "$(inherited) @executable_path/Frameworks @loader_path/Frameworks";
				PRODUCT_NAME = "$(TARGET_NAME)";
				TEST_HOST = "$(BUILT_PRODUCTS_DIR)/theBrexorcism.app/theBrexorcism";
			};
			name = Debug;
		};
		D6D75F571B839CCB00FBABDA /* Release */ = {
			isa = XCBuildConfiguration;
			buildSettings = {
				BUNDLE_LOADER = "$(TEST_HOST)";
				FRAMEWORK_SEARCH_PATHS = (
					"$(SDKROOT)/Developer/Library/Frameworks",
					"$(inherited)",
				);
				INFOPLIST_FILE = theBrexorcismTests/Info.plist;
				LD_RUNPATH_SEARCH_PATHS = "$(inherited) @executable_path/Frameworks @loader_path/Frameworks";
				PRODUCT_NAME = "$(TARGET_NAME)";
				TEST_HOST = "$(BUILT_PRODUCTS_DIR)/theBrexorcism.app/theBrexorcism";
			};
			name = Release;
		};
/* End XCBuildConfiguration section */

/* Begin XCConfigurationList section */
		D6D75F2A1B839CCB00FBABDA /* Build configuration list for PBXProject "theBrexorcism" */ = {
			isa = XCConfigurationList;
			buildConfigurations = (
				D6D75F501B839CCB00FBABDA /* Debug */,
				D6D75F511B839CCB00FBABDA /* Release */,
			);
			defaultConfigurationIsVisible = 0;
			defaultConfigurationName = Release;
		};
		D6D75F521B839CCB00FBABDA /* Build configuration list for PBXNativeTarget "theBrexorcism" */ = {
			isa = XCConfigurationList;
			buildConfigurations = (
				D6D75F531B839CCB00FBABDA /* Debug */,
				D6D75F541B839CCB00FBABDA /* Release */,
			);
			defaultConfigurationIsVisible = 0;
			defaultConfigurationName = Release;
		};
		D6D75F551B839CCB00FBABDA /* Build configuration list for PBXNativeTarget "theBrexorcismTests" */ = {
			isa = XCConfigurationList;
			buildConfigurations = (
				D6D75F561B839CCB00FBABDA /* Debug */,
				D6D75F571B839CCB00FBABDA /* Release */,
			);
			defaultConfigurationIsVisible = 0;
			defaultConfigurationName = Release;
		};
/* End XCConfigurationList section */
	};
	rootObject = D6D75F271B839CCB00FBABDA /* Project object */;
}
